
Microsoft Visual Studio Solution File, Format Version 12.00
# Visual Studio Version 17
VisualStudioVersion = 17.9.34714.143
MinimumVisualStudioVersion = 10.0.40219.1
Project("{FAE04EC0-301F-11D3-BF4B-00C04F79EFBC}") = "PracticaEF", "PracticaEF\PracticaEF.csproj", "{654AEC5B-DA21-4CAD-A4F5-BC97F0FFB69F}"
EndProject
Global
	GlobalSection(SolutionConfigurationPlatforms) = preSolution
		Debug|Any CPU = Debug|Any CPU
		Release|Any CPU = Release|Any CPU
	EndGlobalSection
	GlobalSection(ProjectConfigurationPlatforms) = postSolution
		{654AEC5B-DA21-4CAD-A4F5-BC97F0FFB69F}.Debug|Any CPU.ActiveCfg = Debug|Any CPU
		{654AEC5B-DA21-4CAD-A4F5-BC97F0FFB69F}.Debug|Any CPU.Build.0 = Debug|Any CPU
		{654AEC5B-DA21-4CAD-A4F5-BC97F0FFB69F}.Release|Any CPU.ActiveCfg = Release|Any CPU
		{654AEC5B-DA21-4CAD-A4F5-BC97F0FFB69F}.Release|Any CPU.Build.0 = Release|Any CPU
	EndGlobalSection
	GlobalSection(SolutionProperties) = preSolution
		HideSolutionNode = FALSE
	EndGlobalSection
	GlobalSection(ExtensibilityGlobals) = postSolution
		SolutionGuid = {88EFF00A-3F00-4D2E-AE0F-2E0C5B1355FF}
	EndGlobalSection
EndGlobal
